<Solution>
  <Folder Name="/src/">
    <Project Path="src/Coordinator/Adaptor.Coordinator.csproj" />
    <Project Path="src/Service/Adaptor.Service.csproj" />
  </Folder>
  <Folder Name="/src/driver/" >
    <Project Path="src/Driver/Postgre/Adaptor.Driver.Postgre.csproj" />
  </Folder>
  <Folder Name="/test/">
    <project Path="test/Adaptor.Test.Coordinator/Adaptor.Test.Coordinator.csproj" />
    <project Path="test/Adaptor.Test.BlobStream/Adaptor.Test.BlobStream.csproj" />  
    <project Path="test/Adaptor.Test.Driver/Adaptor.Test.Driver.csproj" />  
    <project Path="test/Adaptor.Test.Service/Adaptor.Test.Service.csproj" />
  </Folder>
</Solution>
